
Microsoft Visual Studio Solution File, Format Version 12.00
# Visual Studio Version 16
VisualStudioVersion = 16.0.31005.135
MinimumVisualStudioVersion = 10.0.40219.1
Project("{FAE04EC0-301F-11D3-BF4B-00C04F79EFBC}") = "QLBS", "QLBS\QLBS.csproj", "{33139AAA-4EF9-48DE-873A-8BF670DDD31A}"
EndProject
Global
	GlobalSection(SolutionConfigurationPlatforms) = preSolution
		Debug|Any CPU = Debug|Any CPU
		Release|Any CPU = Release|Any CPU
	EndGlobalSection
	GlobalSection(ProjectConfigurationPlatforms) = postSolution
		{33139AAA-4EF9-48DE-873A-8BF670DDD31A}.Debug|Any CPU.ActiveCfg = Debug|Any CPU
		{33139AAA-4EF9-48DE-873A-8BF670DDD31A}.Debug|Any CPU.Build.0 = Debug|Any CPU
		{33139AAA-4EF9-48DE-873A-8BF670DDD31A}.Release|Any CPU.ActiveCfg = Release|Any CPU
		{33139AAA-4EF9-48DE-873A-8BF670DDD31A}.Release|Any CPU.Build.0 = Release|Any CPU
	EndGlobalSection
	GlobalSection(SolutionProperties) = preSolution
		HideSolutionNode = FALSE
	EndGlobalSection
	GlobalSection(ExtensibilityGlobals) = postSolution
		SolutionGuid = {F730C075-826B-40B8-8543-91B6AFD2027C}
	EndGlobalSection
EndGlobal
